
Microsoft Visual Studio Solution File, Format Version 12.00
Project("{FAE04EC0-301F-11D3-BF4B-00C04F79EFBC}") = "Futurum.WebApiEndpoint.Micro.Core.Extensions.Sample", "sample\Futurum.WebApiEndpoint.Micro.Core.Extensions.Sample\Futurum.WebApiEndpoint.Micro.Core.Extensions.Sample.csproj", "{5A199733-F1B8-48E6-8591-776E2EC7E81E}"
EndProject
Project("{2150E333-8FDC-42A3-9474-1A3956D46DE8}") = "sample", "sample", "{3D057B76-ED4D-45EF-AC8B-7A4660ED32C2}"
EndProject
Project("{2150E333-8FDC-42A3-9474-1A3956D46DE8}") = "docs", "docs", "{1B8F46E6-8530-4A28-8A02-39221F7BC66E}"
	ProjectSection(SolutionItems) = preProject
		README.md = README.md
		LICENSE = LICENSE
		docs\Futurum.WebApiEndpoint.Micro.Sample-openapi.png = docs\Futurum.WebApiEndpoint.Micro.Sample-openapi.png
	EndProjectSection
EndProject
Project("{2150E333-8FDC-42A3-9474-1A3956D46DE8}") = "build", "build", "{ADC6F1C4-07C0-4350-AA3A-EE7CC6E80B2B}"
	ProjectSection(SolutionItems) = preProject
		Directory.Build.props = src\Directory.Build.props
		ci.yml = .github\workflows\ci.yml
		release.yml = .github\workflows\release.yml
	EndProjectSection
EndProject
Project("{2150E333-8FDC-42A3-9474-1A3956D46DE8}") = "test", "test", "{759534C0-6CAD-4645-932D-8EFEE7A3FE99}"
EndProject
Project("{FAE04EC0-301F-11D3-BF4B-00C04F79EFBC}") = "Futurum.WebApiEndpoint.Micro.Core.Extensions", "src\Futurum.WebApiEndpoint.Micro.Core.Extensions\Futurum.WebApiEndpoint.Micro.Core.Extensions.csproj", "{74467A1E-3B3B-47B5-9F67-C91DB29CA7C9}"
EndProject
Project("{FAE04EC0-301F-11D3-BF4B-00C04F79EFBC}") = "Futurum.WebApiEndpoint.Micro.Core.Extensions.Tests", "test\Futurum.WebApiEndpoint.Micro.Core.Extensions.Tests\Futurum.WebApiEndpoint.Micro.Core.Extensions.Tests.csproj", "{65E03533-A618-495C-8858-52132FC5D20D}"
EndProject
Project("{FAE04EC0-301F-11D3-BF4B-00C04F79EFBC}") = "Futurum.WebApiEndpoint.Micro.Core.Extensions.EndToEndTests", "test\Futurum.WebApiEndpoint.Micro.Core.Extensions.EndToEndTests\Futurum.WebApiEndpoint.Micro.Core.Extensions.EndToEndTests.csproj", "{664F2438-2366-4C99-98F1-2F62FA6A1544}"
EndProject
Project("{FAE04EC0-301F-11D3-BF4B-00C04F79EFBC}") = "Futurum.WebApiEndpoint.Micro.Generator", "src\Futurum.WebApiEndpoint.Micro.Generator\Futurum.WebApiEndpoint.Micro.Generator.csproj", "{2DE92FC8-949F-4914-8002-3DC1E3BBC713}"
EndProject
Project("{FAE04EC0-301F-11D3-BF4B-00C04F79EFBC}") = "Futurum.WebApiEndpoint.Micro.Generator.Writer.Tests", "test\Futurum.WebApiEndpoint.Micro.Generator.Writer.Tests\Futurum.WebApiEndpoint.Micro.Generator.Writer.Tests.csproj", "{57A21947-28F0-4CC6-81D2-3CD74C1A0E6E}"
EndProject
Global
	GlobalSection(SolutionConfigurationPlatforms) = preSolution
		Debug|Any CPU = Debug|Any CPU
		Release|Any CPU = Release|Any CPU
	EndGlobalSection
	GlobalSection(ProjectConfigurationPlatforms) = postSolution
		{5A199733-F1B8-48E6-8591-776E2EC7E81E}.Debug|Any CPU.ActiveCfg = Debug|Any CPU
		{5A199733-F1B8-48E6-8591-776E2EC7E81E}.Debug|Any CPU.Build.0 = Debug|Any CPU
		{5A199733-F1B8-48E6-8591-776E2EC7E81E}.Release|Any CPU.ActiveCfg = Release|Any CPU
		{5A199733-F1B8-48E6-8591-776E2EC7E81E}.Release|Any CPU.Build.0 = Release|Any CPU
		{74467A1E-3B3B-47B5-9F67-C91DB29CA7C9}.Debug|Any CPU.ActiveCfg = Debug|Any CPU
		{74467A1E-3B3B-47B5-9F67-C91DB29CA7C9}.Debug|Any CPU.Build.0 = Debug|Any CPU
		{74467A1E-3B3B-47B5-9F67-C91DB29CA7C9}.Release|Any CPU.ActiveCfg = Release|Any CPU
		{74467A1E-3B3B-47B5-9F67-C91DB29CA7C9}.Release|Any CPU.Build.0 = Release|Any CPU
		{65E03533-A618-495C-8858-52132FC5D20D}.Debug|Any CPU.ActiveCfg = Debug|Any CPU
		{65E03533-A618-495C-8858-52132FC5D20D}.Debug|Any CPU.Build.0 = Debug|Any CPU
		{65E03533-A618-495C-8858-52132FC5D20D}.Release|Any CPU.ActiveCfg = Release|Any CPU
		{65E03533-A618-495C-8858-52132FC5D20D}.Release|Any CPU.Build.0 = Release|Any CPU
		{664F2438-2366-4C99-98F1-2F62FA6A1544}.Debug|Any CPU.ActiveCfg = Debug|Any CPU
		{664F2438-2366-4C99-98F1-2F62FA6A1544}.Debug|Any CPU.Build.0 = Debug|Any CPU
		{664F2438-2366-4C99-98F1-2F62FA6A1544}.Release|Any CPU.ActiveCfg = Release|Any CPU
		{664F2438-2366-4C99-98F1-2F62FA6A1544}.Release|Any CPU.Build.0 = Release|Any CPU
		{2DE92FC8-949F-4914-8002-3DC1E3BBC713}.Debug|Any CPU.ActiveCfg = Debug|Any CPU
		{2DE92FC8-949F-4914-8002-3DC1E3BBC713}.Debug|Any CPU.Build.0 = Debug|Any CPU
		{2DE92FC8-949F-4914-8002-3DC1E3BBC713}.Release|Any CPU.ActiveCfg = Release|Any CPU
		{2DE92FC8-949F-4914-8002-3DC1E3BBC713}.Release|Any CPU.Build.0 = Release|Any CPU
		{57A21947-28F0-4CC6-81D2-3CD74C1A0E6E}.Debug|Any CPU.ActiveCfg = Debug|Any CPU
		{57A21947-28F0-4CC6-81D2-3CD74C1A0E6E}.Debug|Any CPU.Build.0 = Debug|Any CPU
		{57A21947-28F0-4CC6-81D2-3CD74C1A0E6E}.Release|Any CPU.ActiveCfg = Release|Any CPU
		{57A21947-28F0-4CC6-81D2-3CD74C1A0E6E}.Release|Any CPU.Build.0 = Release|Any CPU
	EndGlobalSection
	GlobalSection(NestedProjects) = preSolution
		{5A199733-F1B8-48E6-8591-776E2EC7E81E} = {3D057B76-ED4D-45EF-AC8B-7A4660ED32C2}
		{65E03533-A618-495C-8858-52132FC5D20D} = {759534C0-6CAD-4645-932D-8EFEE7A3FE99}
		{664F2438-2366-4C99-98F1-2F62FA6A1544} = {759534C0-6CAD-4645-932D-8EFEE7A3FE99}
		{57A21947-28F0-4CC6-81D2-3CD74C1A0E6E} = {759534C0-6CAD-4645-932D-8EFEE7A3FE99}
	EndGlobalSection
EndGlobal
